
Microsoft Visual Studio Solution File, Format Version 12.00
# Visual Studio Version 17
VisualStudioVersion = 17.6.33815.320
MinimumVisualStudioVersion = 10.0.40219.1
Project("{FAE04EC0-301F-11D3-BF4B-00C04F79EFBC}") = "QPlay.Catalog.Service", "QPlay.Catalog.Service.csproj", "{31024A3A-E0A3-4D35-B192-7DFAEE3508C0}"
EndProject
Global
	GlobalSection(SolutionConfigurationPlatforms) = preSolution
		Debug|Any CPU = Debug|Any CPU
		Release|Any CPU = Release|Any CPU
	EndGlobalSection
	GlobalSection(ProjectConfigurationPlatforms) = postSolution
		{31024A3A-E0A3-4D35-B192-7DFAEE3508C0}.Debug|Any CPU.ActiveCfg = Debug|Any CPU
		{31024A3A-E0A3-4D35-B192-7DFAEE3508C0}.Debug|Any CPU.Build.0 = Debug|Any CPU
		{31024A3A-E0A3-4D35-B192-7DFAEE3508C0}.Release|Any CPU.ActiveCfg = Release|Any CPU
		{31024A3A-E0A3-4D35-B192-7DFAEE3508C0}.Release|Any CPU.Build.0 = Release|Any CPU
	EndGlobalSection
	GlobalSection(SolutionProperties) = preSolution
		HideSolutionNode = FALSE
	EndGlobalSection
	GlobalSection(ExtensibilityGlobals) = postSolution
		SolutionGuid = {0B8ACC38-6E94-4D2F-A1F1-F2BC41225EBD}
	EndGlobalSection
EndGlobal
